
Microsoft Visual Studio Solution File, Format Version 12.00
# Visual Studio Version 16
VisualStudioVersion = 16.0.31624.102
MinimumVisualStudioVersion = 10.0.40219.1
Project("{E24C65DC-7377-472B-9ABA-BC803B73C61A}") = "VitrineProdutos_Front", ".", "{15F5FE7F-602A-4167-833B-185A07C69B97}"
	ProjectSection(WebsiteProperties) = preProject
		TargetFrameworkMoniker = ".NETFramework,Version%3Dv4.0"
		Debug.AspNetCompiler.VirtualPath = "/localhost_54044"
		Debug.AspNetCompiler.PhysicalPath = "..\VitrineProdutos_Front\"
		Debug.AspNetCompiler.TargetPath = "PrecompiledWeb\localhost_54044\"
		Debug.AspNetCompiler.Updateable = "true"
		Debug.AspNetCompiler.ForceOverwrite = "true"
		Debug.AspNetCompiler.FixedNames = "false"
		Debug.AspNetCompiler.Debug = "True"
		Release.AspNetCompiler.VirtualPath = "/localhost_54044"
		Release.AspNetCompiler.PhysicalPath = "..\VitrineProdutos_Front\"
		Release.AspNetCompiler.TargetPath = "PrecompiledWeb\localhost_54044\"
		Release.AspNetCompiler.Updateable = "true"
		Release.AspNetCompiler.ForceOverwrite = "true"
		Release.AspNetCompiler.FixedNames = "false"
		Release.AspNetCompiler.Debug = "False"
		VWDPort = "54044"
		SlnRelativePath = "..\VitrineProdutos_Front\"
	EndProjectSection
EndProject
Global
	GlobalSection(SolutionConfigurationPlatforms) = preSolution
		Debug|Any CPU = Debug|Any CPU
	EndGlobalSection
	GlobalSection(ProjectConfigurationPlatforms) = postSolution
		{15F5FE7F-602A-4167-833B-185A07C69B97}.Debug|Any CPU.ActiveCfg = Debug|Any CPU
		{15F5FE7F-602A-4167-833B-185A07C69B97}.Debug|Any CPU.Build.0 = Debug|Any CPU
	EndGlobalSection
	GlobalSection(SolutionProperties) = preSolution
		HideSolutionNode = FALSE
	EndGlobalSection
	GlobalSection(ExtensibilityGlobals) = postSolution
		SolutionGuid = {5FC86553-F1A8-4CF4-97AE-DB2E7E2FA026}
	EndGlobalSection
EndGlobal
